// !$*UTF8*$!
{
	archiveVersion = 1;
	classes = {
	};
	objectVersion = 46;
	objects = {

/* Begin PBXBuildFile section */
		BC0BA4931C589AC6008D75C7 /* SingleChatTableViewCell.swift in Sources */ = {isa = PBXBuildFile; fileRef = BC0BA4921C589AC6008D75C7 /* SingleChatTableViewCell.swift */; };
		BC82BE451C4E190000857717 /* AppDelegate.swift in Sources */ = {isa = PBXBuildFile; fileRef = BC82BE441C4E190000857717 /* AppDelegate.swift */; };
		BC82BE471C4E190000857717 /* ViewController.swift in Sources */ = {isa = PBXBuildFile; fileRef = BC82BE461C4E190000857717 /* ViewController.swift */; };
		BC82BE4A1C4E190000857717 /* Main.storyboard in Resources */ = {isa = PBXBuildFile; fileRef = BC82BE481C4E190000857717 /* Main.storyboard */; };
		BC82BE4C1C4E190000857717 /* Assets.xcassets in Resources */ = {isa = PBXBuildFile; fileRef = BC82BE4B1C4E190000857717 /* Assets.xcassets */; };
		BC82BE4F1C4E190000857717 /* LaunchScreen.storyboard in Resources */ = {isa = PBXBuildFile; fileRef = BC82BE4D1C4E190000857717 /* LaunchScreen.storyboard */; };
		BC82BE5A1C4E411600857717 /* ChatListViewController.swift in Sources */ = {isa = PBXBuildFile; fileRef = BC82BE591C4E411600857717 /* ChatListViewController.swift */; };
		BC82BE5C1C4E4DF100857717 /* ChatDetailsViewController.swift in Sources */ = {isa = PBXBuildFile; fileRef = BC82BE5B1C4E4DF100857717 /* ChatDetailsViewController.swift */; };
		BC82BE5E1C4E613E00857717 /* UserModel.swift in Sources */ = {isa = PBXBuildFile; fileRef = BC82BE5D1C4E613E00857717 /* UserModel.swift */; };
		BC82BE601C4E622000857717 /* LayerManager.swift in Sources */ = {isa = PBXBuildFile; fileRef = BC82BE5F1C4E622000857717 /* LayerManager.swift */; };
		BC9705BC1C4F960800D4D794 /* SingleMessageTableViewCell.swift in Sources */ = {isa = PBXBuildFile; fileRef = BC9705BB1C4F960800D4D794 /* SingleMessageTableViewCell.swift */; };
		BCB099781C64B3F400374C80 /* camera_placeholder.png in Resources */ = {isa = PBXBuildFile; fileRef = BCB099771C64B3F400374C80 /* camera_placeholder.png */; };
		E0ED23B666229A68C02821CA /* Pods_ChatWithLayerTrial.framework in Frameworks */ = {isa = PBXBuildFile; fileRef = 4E4E24F3358DBDA579219FB5 /* Pods_ChatWithLayerTrial.framework */; };
/* End PBXBuildFile section */

/* Begin PBXFileReference section */
		4E4E24F3358DBDA579219FB5 /* Pods_ChatWithLayerTrial.framework */ = {isa = PBXFileReference; explicitFileType = wrapper.framework; includeInIndex = 0; path = Pods_ChatWithLayerTrial.framework; sourceTree = BUILT_PRODUCTS_DIR; };
		7B54DA3CEF3BEFFA3B8A1B89 /* Pods-ChatWithLayerTrial.release.xcconfig */ = {isa = PBXFileReference; includeInIndex = 1; lastKnownFileType = text.xcconfig; name = "Pods-ChatWithLayerTrial.release.xcconfig"; path = "Pods/Target Support Files/Pods-ChatWithLayerTrial/Pods-ChatWithLayerTrial.release.xcconfig"; sourceTree = "<group>"; };
		A2577E69E4DDDC86FE3FA5FA /* Pods-ChatWithLayerTrial.debug.xcconfig */ = {isa = PBXFileReference; includeInIndex = 1; lastKnownFileType = text.xcconfig; name = "Pods-ChatWithLayerTrial.debug.xcconfig"; path = "Pods/Target Support Files/Pods-ChatWithLayerTrial/Pods-ChatWithLayerTrial.debug.xcconfig"; sourceTree = "<group>"; };
		BC0BA4921C589AC6008D75C7 /* SingleChatTableViewCell.swift */ = {isa = PBXFileReference; fileEncoding = 4; lastKnownFileType = sourcecode.swift; path = SingleChatTableViewCell.swift; sourceTree = "<group>"; };
		BC82BE411C4E190000857717 /* ChatWithLayerTrial.app */ = {isa = PBXFileReference; explicitFileType = wrapper.application; includeInIndex = 0; path = ChatWithLayerTrial.app; sourceTree = BUILT_PRODUCTS_DIR; };
		BC82BE441C4E190000857717 /* AppDelegate.swift */ = {isa = PBXFileReference; lastKnownFileType = sourcecode.swift; path = AppDelegate.swift; sourceTree = "<group>"; };
		BC82BE461C4E190000857717 /* ViewController.swift */ = {isa = PBXFileReference; lastKnownFileType = sourcecode.swift; path = ViewController.swift; sourceTree = "<group>"; };
		BC82BE491C4E190000857717 /* Base */ = {isa = PBXFileReference; lastKnownFileType = file.storyboard; name = Base; path = Base.lproj/Main.storyboard; sourceTree = "<group>"; };
		BC82BE4B1C4E190000857717 /* Assets.xcassets */ = {isa = PBXFileReference; lastKnownFileType = folder.assetcatalog; path = Assets.xcassets; sourceTree = "<group>"; };
		BC82BE4E1C4E190000857717 /* Base */ = {isa = PBXFileReference; lastKnownFileType = file.storyboard; name = Base; path = Base.lproj/LaunchScreen.storyboard; sourceTree = "<group>"; };
		BC82BE501C4E190000857717 /* Info.plist */ = {isa = PBXFileReference; lastKnownFileType = text.plist.xml; path = Info.plist; sourceTree = "<group>"; };
		BC82BE591C4E411600857717 /* ChatListViewController.swift */ = {isa = PBXFileReference; fileEncoding = 4; lastKnownFileType = sourcecode.swift; name = ChatListViewController.swift; path = ../ChatListViewController.swift; sourceTree = "<group>"; };
		BC82BE5B1C4E4DF100857717 /* ChatDetailsViewController.swift */ = {isa = PBXFileReference; fileEncoding = 4; lastKnownFileType = sourcecode.swift; path = ChatDetailsViewController.swift; sourceTree = "<group>"; };
		BC82BE5D1C4E613E00857717 /* UserModel.swift */ = {isa = PBXFileReference; fileEncoding = 4; lastKnownFileType = sourcecode.swift; path = UserModel.swift; sourceTree = "<group>"; };
		BC82BE5F1C4E622000857717 /* LayerManager.swift */ = {isa = PBXFileReference; fileEncoding = 4; lastKnownFileType = sourcecode.swift; path = LayerManager.swift; sourceTree = "<group>"; };
		BC9705BB1C4F960800D4D794 /* SingleMessageTableViewCell.swift */ = {isa = PBXFileReference; fileEncoding = 4; lastKnownFileType = sourcecode.swift; path = SingleMessageTableViewCell.swift; sourceTree = "<group>"; };
		BCB099771C64B3F400374C80 /* camera_placeholder.png */ = {isa = PBXFileReference; lastKnownFileType = image.png; path = camera_placeholder.png; sourceTree = "<group>"; };
/* End PBXFileReference section */

/* Begin PBXFrameworksBuildPhase section */
		BC82BE3E1C4E190000857717 /* Frameworks */ = {
			isa = PBXFrameworksBuildPhase;
			buildActionMask = 2147483647;
			files = (
				E0ED23B666229A68C02821CA /* Pods_ChatWithLayerTrial.framework in Frameworks */,
			);
			runOnlyForDeploymentPostprocessing = 0;
		};
/* End PBXFrameworksBuildPhase section */

/* Begin PBXGroup section */
		07C03BACED37F545C01DB9F8 /* Pods */ = {
			isa = PBXGroup;
			children = (
				A2577E69E4DDDC86FE3FA5FA /* Pods-ChatWithLayerTrial.debug.xcconfig */,
				7B54DA3CEF3BEFFA3B8A1B89 /* Pods-ChatWithLayerTrial.release.xcconfig */,
			);
			name = Pods;
			sourceTree = "<group>";
		};
		41C70B9FFB5BD78B2193521E /* Frameworks */ = {
			isa = PBXGroup;
			children = (
				4E4E24F3358DBDA579219FB5 /* Pods_ChatWithLayerTrial.framework */,
			);
			name = Frameworks;
			sourceTree = "<group>";
		};
		BC82BE381C4E190000857717 = {
			isa = PBXGroup;
			children = (
				BC82BE431C4E190000857717 /* ChatWithLayerTrial */,
				BC82BE421C4E190000857717 /* Products */,
				07C03BACED37F545C01DB9F8 /* Pods */,
				41C70B9FFB5BD78B2193521E /* Frameworks */,
			);
			sourceTree = "<group>";
		};
		BC82BE421C4E190000857717 /* Products */ = {
			isa = PBXGroup;
			children = (
				BC82BE411C4E190000857717 /* ChatWithLayerTrial.app */,
			);
			name = Products;
			sourceTree = "<group>";
		};
		BC82BE431C4E190000857717 /* ChatWithLayerTrial */ = {
			isa = PBXGroup;
			children = (
				BC82BE441C4E190000857717 /* AppDelegate.swift */,
				BC82BE5D1C4E613E00857717 /* UserModel.swift */,
				BC82BE5F1C4E622000857717 /* LayerManager.swift */,
				BC82BE461C4E190000857717 /* ViewController.swift */,
				BC82BE591C4E411600857717 /* ChatListViewController.swift */,
				BC82BE5B1C4E4DF100857717 /* ChatDetailsViewController.swift */,
				BCB099771C64B3F400374C80 /* camera_placeholder.png */,
				BC82BE481C4E190000857717 /* Main.storyboard */,
				BC82BE4B1C4E190000857717 /* Assets.xcassets */,
				BC82BE4D1C4E190000857717 /* LaunchScreen.storyboard */,
				BC82BE501C4E190000857717 /* Info.plist */,
				BC9705BB1C4F960800D4D794 /* SingleMessageTableViewCell.swift */,
				BC0BA4921C589AC6008D75C7 /* SingleChatTableViewCell.swift */,
			);
			path = ChatWithLayerTrial;
			sourceTree = "<group>";
		};
/* End PBXGroup section */

/* Begin PBXNativeTarget section */
		BC82BE401C4E190000857717 /* ChatWithLayerTrial */ = {
			isa = PBXNativeTarget;
			buildConfigurationList = BC82BE531C4E190000857717 /* Build configuration list for PBXNativeTarget "ChatWithLayerTrial" */;
			buildPhases = (
				BCA5863A701CB8EDF7CC4D65 /* Check Pods Manifest.lock */,
				BC82BE3D1C4E190000857717 /* Sources */,
				BC82BE3E1C4E190000857717 /* Frameworks */,
				BC82BE3F1C4E190000857717 /* Resources */,
				5764704A9E3757067722D2F0 /* Embed Pods Frameworks */,
				EC4257958208881A1D264ECF /* Copy Pods Resources */,
			);
			buildRules = (
			);
			dependencies = (
			);
			name = ChatWithLayerTrial;
			productName = ChatWithLayerTrial;
			productReference = BC82BE411C4E190000857717 /* ChatWithLayerTrial.app */;
			productType = "com.apple.product-type.application";
		};
/* End PBXNativeTarget section */

/* Begin PBXProject section */
		BC82BE391C4E190000857717 /* Project object */ = {
			isa = PBXProject;
			attributes = {
				LastSwiftUpdateCheck = 0720;
				LastUpgradeCheck = 0720;
				ORGANIZATIONNAME = Pavithramouli;
				TargetAttributes = {
					BC82BE401C4E190000857717 = {
						CreatedOnToolsVersion = 7.2;
					};
				};
			};
			buildConfigurationList = BC82BE3C1C4E190000857717 /* Build configuration list for PBXProject "ChatWithLayerTrial" */;
			compatibilityVersion = "Xcode 3.2";
			developmentRegion = English;
			hasScannedForEncodings = 0;
			knownRegions = (
				en,
				Base,
			);
			mainGroup = BC82BE381C4E190000857717;
			productRefGroup = BC82BE421C4E190000857717 /* Products */;
			projectDirPath = "";
			projectRoot = "";
			targets = (
				BC82BE401C4E190000857717 /* ChatWithLayerTrial */,
			);
		};
/* End PBXProject section */

/* Begin PBXResourcesBuildPhase section */
		BC82BE3F1C4E190000857717 /* Resources */ = {
			isa = PBXResourcesBuildPhase;
			buildActionMask = 2147483647;
			files = (
				BCB099781C64B3F400374C80 /* camera_placeholder.png in Resources */,
				BC82BE4F1C4E190000857717 /* LaunchScreen.storyboard in Resources */,
				BC82BE4C1C4E190000857717 /* Assets.xcassets in Resources */,
				BC82BE4A1C4E190000857717 /* Main.storyboard in Resources */,
			);
			runOnlyForDeploymentPostprocessing = 0;
		};
/* End PBXResourcesBuildPhase section */

/* Begin PBXShellScriptBuildPhase section */
		5764704A9E3757067722D2F0 /* Embed Pods Frameworks */ = {
			isa = PBXShellScriptBuildPhase;
			buildActionMask = 2147483647;
			files = (
			);
			inputPaths = (
			);
			name = "Embed Pods Frameworks";
			outputPaths = (
			);
			runOnlyForDeploymentPostprocessing = 0;
			shellPath = /bin/sh;
			shellScript = "\"${SRCROOT}/Pods/Target Support Files/Pods-ChatWithLayerTrial/Pods-ChatWithLayerTrial-frameworks.sh\"\n";
			showEnvVarsInLog = 0;
		};
		BCA5863A701CB8EDF7CC4D65 /* Check Pods Manifest.lock */ = {
			isa = PBXShellScriptBuildPhase;
			buildActionMask = 2147483647;
			files = (
			);
			inputPaths = (
			);
			name = "Check Pods Manifest.lock";
			outputPaths = (
			);
			runOnlyForDeploymentPostprocessing = 0;
			shellPath = /bin/sh;
			shellScript = "diff \"${PODS_ROOT}/../Podfile.lock\" \"${PODS_ROOT}/Manifest.lock\" > /dev/null\nif [[ $? != 0 ]] ; then\n    cat << EOM\nerror: The sandbox is not in sync with the Podfile.lock. Run 'pod install' or update your CocoaPods installation.\nEOM\n    exit 1\nfi\n";
			showEnvVarsInLog = 0;
		};
		EC4257958208881A1D264ECF /* Copy Pods Resources */ = {
			isa = PBXShellScriptBuildPhase;
			buildActionMask = 2147483647;
			files = (
			);
			inputPaths = (
			);
			name = "Copy Pods Resources";
			outputPaths = (
			);
			runOnlyForDeploymentPostprocessing = 0;
			shellPath = /bin/sh;
			shellScript = "\"${SRCROOT}/Pods/Target Support Files/Pods-ChatWithLayerTrial/Pods-ChatWithLayerTrial-resources.sh\"\n";
			showEnvVarsInLog = 0;
		};
/* End PBXShellScriptBuildPhase section */

/* Begin PBXSourcesBuildPhase section */
		BC82BE3D1C4E190000857717 /* Sources */ = {
			isa = PBXSourcesBuildPhase;
			buildActionMask = 2147483647;
			files = (
				BC9705BC1C4F960800D4D794 /* SingleMessageTableViewCell.swift in Sources */,
				BC82BE5A1C4E411600857717 /* ChatListViewController.swift in Sources */,
				BC82BE471C4E190000857717 /* ViewController.swift in Sources */,
				BC82BE451C4E190000857717 /* AppDelegate.swift in Sources */,
				BC82BE601C4E622000857717 /* LayerManager.swift in Sources */,
				BC0BA4931C589AC6008D75C7 /* SingleChatTableViewCell.swift in Sources */,
				BC82BE5E1C4E613E00857717 /* UserModel.swift in Sources */,
				BC82BE5C1C4E4DF100857717 /* ChatDetailsViewController.swift in Sources */,
			);
			runOnlyForDeploymentPostprocessing = 0;
		};
/* End PBXSourcesBuildPhase section */

/* Begin PBXVariantGroup section */
		BC82BE481C4E190000857717 /* Main.storyboard */ = {
			isa = PBXVariantGroup;
			children = (
				BC82BE491C4E190000857717 /* Base */,
			);
			name = Main.storyboard;
			sourceTree = "<group>";
		};
		BC82BE4D1C4E190000857717 /* LaunchScreen.storyboard */ = {
			isa = PBXVariantGroup;
			children = (
				BC82BE4E1C4E190000857717 /* Base */,
			);
			name = LaunchScreen.storyboard;
			sourceTree = "<group>";
		};
/* End PBXVariantGroup section */

/* Begin XCBuildConfiguration section */
		BC82BE511C4E190000857717 /* Debug */ = {
			isa = XCBuildConfiguration;
			buildSettings = {
				ALWAYS_SEARCH_USER_PATHS = NO;
				CLANG_CXX_LANGUAGE_STANDARD = "gnu++0x";
				CLANG_CXX_LIBRARY = "libc++";
				CLANG_ENABLE_MODULES = YES;
				CLANG_ENABLE_OBJC_ARC = YES;
				CLANG_WARN_BOOL_CONVERSION = YES;
				CLANG_WARN_CONSTANT_CONVERSION = YES;
				CLANG_WARN_DIRECT_OBJC_ISA_USAGE = YES_ERROR;
				CLANG_WARN_EMPTY_BODY = YES;
				CLANG_WARN_ENUM_CONVERSION = YES;
				CLANG_WARN_INT_CONVERSION = YES;
				CLANG_WARN_OBJC_ROOT_CLASS = YES_ERROR;
				CLANG_WARN_UNREACHABLE_CODE = YES;
				CLANG_WARN__DUPLICATE_METHOD_MATCH = YES;
				"CODE_SIGN_IDENTITY[sdk=iphoneos*]" = "iPhone Developer";
				COPY_PHASE_STRIP = NO;
				DEBUG_INFORMATION_FORMAT = dwarf;
				ENABLE_STRICT_OBJC_MSGSEND = YES;
				ENABLE_TESTABILITY = YES;
				GCC_C_LANGUAGE_STANDARD = gnu99;
				GCC_DYNAMIC_NO_PIC = NO;
				GCC_NO_COMMON_BLOCKS = YES;
				GCC_OPTIMIZATION_LEVEL = 0;
				GCC_PREPROCESSOR_DEFINITIONS = (
					"DEBUG=1",
					"$(inherited)",
				);
				GCC_WARN_64_TO_32_BIT_CONVERSION = YES;
				GCC_WARN_ABOUT_RETURN_TYPE = YES_ERROR;
				GCC_WARN_UNDECLARED_SELECTOR = YES;
				GCC_WARN_UNINITIALIZED_AUTOS = YES_AGGRESSIVE;
				GCC_WARN_UNUSED_FUNCTION = YES;
				GCC_WARN_UNUSED_VARIABLE = YES;
				IPHONEOS_DEPLOYMENT_TARGET = 9.2;
				MTL_ENABLE_DEBUG_INFO = YES;
				ONLY_ACTIVE_ARCH = YES;
				SDKROOT = iphoneos;
				SWIFT_OPTIMIZATION_LEVEL = "-Onone";
				TARGETED_DEVICE_FAMILY = "1,2";
			};
			name = Debug;
		};
		BC82BE521C4E190000857717 /* Release */ = {
			isa = XCBuildConfiguration;
			buildSettings = {
				ALWAYS_SEARCH_USER_PATHS = NO;
				CLANG_CXX_LANGUAGE_STANDARD = "gnu++0x";
				CLANG_CXX_LIBRARY = "libc++";
				CLANG_ENABLE_MODULES = YES;
				CLANG_ENABLE_OBJC_ARC = YES;
				CLANG_WARN_BOOL_CONVERSION = YES;
				CLANG_WARN_CONSTANT_CONVERSION = YES;
				CLANG_WARN_DIRECT_OBJC_ISA_USAGE = YES_ERROR;
				CLANG_WARN_EMPTY_BODY = YES;
				CLANG_WARN_ENUM_CONVERSION = YES;
				CLANG_WARN_INT_CONVERSION = YES;
				CLANG_WARN_OBJC_ROOT_CLASS = YES_ERROR;
				CLANG_WARN_UNREACHABLE_CODE = YES;
				CLANG_WARN__DUPLICATE_METHOD_MATCH = YES;
				"CODE_SIGN_IDENTITY[sdk=iphoneos*]" = "iPhone Developer";
				COPY_PHASE_STRIP = NO;
				DEBUG_INFORMATION_FORMAT = "dwarf-with-dsym";
				ENABLE_NS_ASSERTIONS = NO;
				ENABLE_STRICT_OBJC_MSGSEND = YES;
				GCC_C_LANGUAGE_STANDARD = gnu99;
				GCC_NO_COMMON_BLOCKS = YES;
				GCC_WARN_64_TO_32_BIT_CONVERSION = YES;
				GCC_WARN_ABOUT_RETURN_TYPE = YES_ERROR;
				GCC_WARN_UNDECLARED_SELECTOR = YES;
				GCC_WARN_UNINITIALIZED_AUTOS = YES_AGGRESSIVE;
				GCC_WARN_UNUSED_FUNCTION = YES;
				GCC_WARN_UNUSED_VARIABLE = YES;
				IPHONEOS_DEPLOYMENT_TARGET = 9.2;
				MTL_ENABLE_DEBUG_INFO = NO;
				SDKROOT = iphoneos;
				TARGETED_DEVICE_FAMILY = "1,2";
				VALIDATE_PRODUCT = YES;
			};
			name = Release;
		};
		BC82BE541C4E190000857717 /* Debug */ = {
			isa = XCBuildConfiguration;
			baseConfigurationReference = A2577E69E4DDDC86FE3FA5FA /* Pods-ChatWithLayerTrial.debug.xcconfig */;
			buildSettings = {
				ASSETCATALOG_COMPILER_APPICON_NAME = AppIcon;
				CLANG_ENABLE_MODULES = YES;
				INFOPLIST_FILE = ChatWithLayerTrial/Info.plist;
				IPHONEOS_DEPLOYMENT_TARGET = 9.2;
				LD_RUNPATH_SEARCH_PATHS = "$(inherited) @executable_path/Frameworks";
				PRODUCT_BUNDLE_IDENTIFIER = com.personal.ChatWithLayerTrial;
				PRODUCT_NAME = "$(TARGET_NAME)";
				SWIFT_OBJC_BRIDGING_HEADER = "";
				SWIFT_OPTIMIZATION_LEVEL = "-Onone";
			};
			name = Debug;
		};
		BC82BE551C4E190000857717 /* Release */ = {
			isa = XCBuildConfiguration;
			baseConfigurationReference = 7B54DA3CEF3BEFFA3B8A1B89 /* Pods-ChatWithLayerTrial.release.xcconfig */;
			buildSettings = {
				ASSETCATALOG_COMPILER_APPICON_NAME = AppIcon;
				CLANG_ENABLE_MODULES = YES;
				INFOPLIST_FILE = ChatWithLayerTrial/Info.plist;
				IPHONEOS_DEPLOYMENT_TARGET = 9.2;
				LD_RUNPATH_SEARCH_PATHS = "$(inherited) @executable_path/Frameworks";
				PRODUCT_BUNDLE_IDENTIFIER = com.personal.ChatWithLayerTrial;
				PRODUCT_NAME = "$(TARGET_NAME)";
				SWIFT_OBJC_BRIDGING_HEADER = "";
			};
			name = Release;
		};
/* End XCBuildConfiguration section */

/* Begin XCConfigurationList section */
		BC82BE3C1C4E190000857717 /* Build configuration list for PBXProject "ChatWithLayerTrial" */ = {
			isa = XCConfigurationList;
			buildConfigurations = (
				BC82BE511C4E190000857717 /* Debug */,
				BC82BE521C4E190000857717 /* Release */,
			);
			defaultConfigurationIsVisible = 0;
			defaultConfigurationName = Release;
		};
		BC82BE531C4E190000857717 /* Build configuration list for PBXNativeTarget "ChatWithLayerTrial" */ = {
			isa = XCConfigurationList;
			buildConfigurations = (
				BC82BE541C4E190000857717 /* Debug */,
				BC82BE551C4E190000857717 /* Release */,
			);
			defaultConfigurationIsVisible = 0;
			defaultConfigurationName = Release;
		};
/* End XCConfigurationList section */
	};
	rootObject = BC82BE391C4E190000857717 /* Project object */;
}
